
Microsoft Visual Studio Solution File, Format Version 12.00
# Visual Studio Version 16
VisualStudioVersion = 16.0.29102.190
MinimumVisualStudioVersion = 10.0.40219.1
Project("{9A19103F-16F7-4668-BE54-9A1E7A4F7556}") = "Vidmantas.Caching", "Vidmantas.Caching\Vidmantas.Caching.csproj", "{8667471D-4F07-4522-9656-2F63807E4F6E}"
EndProject
Project("{FAE04EC0-301F-11D3-BF4B-00C04F79EFBC}") = "Vidmantas.Caching.Provider.NetMemory", "Vidmantas.Caching.Provider.NetMemory\Vidmantas.Caching.Provider.NetMemory.csproj", "{3EC8C1A7-8BD7-4FC9-B203-B69405E5D8A9}"
EndProject
Project("{9A19103F-16F7-4668-BE54-9A1E7A4F7556}") = "Vidmantas.Caching.Provider.Redis", "Vidmantas.Caching.Provider.Redis\Vidmantas.Caching.Provider.Redis.csproj", "{4E52E5E9-2286-45A5-9D34-565374E41114}"
EndProject
Project("{9A19103F-16F7-4668-BE54-9A1E7A4F7556}") = "Vidmantas.Caching.DependencyInjection.NInject", "Vidmantas.Caching.DependencyInjection.NInject\Vidmantas.Caching.DependencyInjection.NInject.csproj", "{1163DB35-17C1-4FD1-B560-4C6211AE06A2}"
EndProject
Project("{FAE04EC0-301F-11D3-BF4B-00C04F79EFBC}") = "Vidmantas.Caching.Provider.NetMemory.NInject", "Vidmantas.Caching.Provider.NetMemory.NInject\Vidmantas.Caching.Provider.NetMemory.NInject.csproj", "{CAA6BE39-3F80-4236-96AA-88BB78C42B83}"
EndProject
Project("{2150E333-8FDC-42A3-9474-1A3956D46DE8}") = "Providers", "Providers", "{12894349-B77C-4B63-B9F0-2392FD1AB158}"
EndProject
Project("{2150E333-8FDC-42A3-9474-1A3956D46DE8}") = "DependencyInjection", "DependencyInjection", "{1A0B4925-6EE1-455A-9538-2104B7511EBE}"
EndProject
Project("{2150E333-8FDC-42A3-9474-1A3956D46DE8}") = "NInject", "NInject", "{C84298A7-8ABB-4A73-8153-6FE6B79840E9}"
EndProject
Project("{2150E333-8FDC-42A3-9474-1A3956D46DE8}") = "Autofac", "Autofac", "{0522EAE6-7116-4626-8B53-684407D223F1}"
EndProject
Project("{9A19103F-16F7-4668-BE54-9A1E7A4F7556}") = "Vidmantas.Caching.DependencyInjection.Autofac", "Vidmantas.Caching.DependencyInjection.Autofac\Vidmantas.Caching.DependencyInjection.Autofac.csproj", "{063E6020-5183-4BAB-A309-8699021F89E0}"
EndProject
Project("{FAE04EC0-301F-11D3-BF4B-00C04F79EFBC}") = "Vidmantas.Caching.Provider.NetMemory.Autofac", "Vidmantas.Caching.Provider.NetMemory.Autofac\Vidmantas.Caching.Provider.NetMemory.Autofac.csproj", "{CECC7D5F-4C05-4F70-905B-8E13C51C0135}"
EndProject
Project("{9A19103F-16F7-4668-BE54-9A1E7A4F7556}") = "Vidmantas.Caching.Provider.NetCoreMemory", "Vidmantas.Caching.Provider.NetCoreMemory\Vidmantas.Caching.Provider.NetCoreMemory.csproj", "{101C6B74-B6D9-4664-BD44-0F296E0BB802}"
EndProject
Project("{FAE04EC0-301F-11D3-BF4B-00C04F79EFBC}") = "Vidmantas.Caching.Provider.NetCoreMemory.Autofac", "Vidmantas.Caching.Provider.NetCoreMemory.Autofac\Vidmantas.Caching.Provider.NetCoreMemory.Autofac.csproj", "{1C49232B-55EE-422B-B599-CC73A1A81EAD}"
EndProject
Global
	GlobalSection(SolutionConfigurationPlatforms) = preSolution
		Debug|Any CPU = Debug|Any CPU
		Release|Any CPU = Release|Any CPU
	EndGlobalSection
	GlobalSection(ProjectConfigurationPlatforms) = postSolution
		{8667471D-4F07-4522-9656-2F63807E4F6E}.Debug|Any CPU.ActiveCfg = Debug|Any CPU
		{8667471D-4F07-4522-9656-2F63807E4F6E}.Debug|Any CPU.Build.0 = Debug|Any CPU
		{8667471D-4F07-4522-9656-2F63807E4F6E}.Release|Any CPU.ActiveCfg = Release|Any CPU
		{8667471D-4F07-4522-9656-2F63807E4F6E}.Release|Any CPU.Build.0 = Release|Any CPU
		{3EC8C1A7-8BD7-4FC9-B203-B69405E5D8A9}.Debug|Any CPU.ActiveCfg = Debug|Any CPU
		{3EC8C1A7-8BD7-4FC9-B203-B69405E5D8A9}.Debug|Any CPU.Build.0 = Debug|Any CPU
		{3EC8C1A7-8BD7-4FC9-B203-B69405E5D8A9}.Release|Any CPU.ActiveCfg = Release|Any CPU
		{3EC8C1A7-8BD7-4FC9-B203-B69405E5D8A9}.Release|Any CPU.Build.0 = Release|Any CPU
		{4E52E5E9-2286-45A5-9D34-565374E41114}.Debug|Any CPU.ActiveCfg = Debug|Any CPU
		{4E52E5E9-2286-45A5-9D34-565374E41114}.Debug|Any CPU.Build.0 = Debug|Any CPU
		{4E52E5E9-2286-45A5-9D34-565374E41114}.Release|Any CPU.ActiveCfg = Release|Any CPU
		{4E52E5E9-2286-45A5-9D34-565374E41114}.Release|Any CPU.Build.0 = Release|Any CPU
		{1163DB35-17C1-4FD1-B560-4C6211AE06A2}.Debug|Any CPU.ActiveCfg = Debug|Any CPU
		{1163DB35-17C1-4FD1-B560-4C6211AE06A2}.Debug|Any CPU.Build.0 = Debug|Any CPU
		{1163DB35-17C1-4FD1-B560-4C6211AE06A2}.Release|Any CPU.ActiveCfg = Release|Any CPU
		{1163DB35-17C1-4FD1-B560-4C6211AE06A2}.Release|Any CPU.Build.0 = Release|Any CPU
		{CAA6BE39-3F80-4236-96AA-88BB78C42B83}.Debug|Any CPU.ActiveCfg = Debug|Any CPU
		{CAA6BE39-3F80-4236-96AA-88BB78C42B83}.Debug|Any CPU.Build.0 = Debug|Any CPU
		{CAA6BE39-3F80-4236-96AA-88BB78C42B83}.Release|Any CPU.ActiveCfg = Release|Any CPU
		{CAA6BE39-3F80-4236-96AA-88BB78C42B83}.Release|Any CPU.Build.0 = Release|Any CPU
		{063E6020-5183-4BAB-A309-8699021F89E0}.Debug|Any CPU.ActiveCfg = Debug|Any CPU
		{063E6020-5183-4BAB-A309-8699021F89E0}.Debug|Any CPU.Build.0 = Debug|Any CPU
		{063E6020-5183-4BAB-A309-8699021F89E0}.Release|Any CPU.ActiveCfg = Release|Any CPU
		{063E6020-5183-4BAB-A309-8699021F89E0}.Release|Any CPU.Build.0 = Release|Any CPU
		{CECC7D5F-4C05-4F70-905B-8E13C51C0135}.Debug|Any CPU.ActiveCfg = Debug|Any CPU
		{CECC7D5F-4C05-4F70-905B-8E13C51C0135}.Debug|Any CPU.Build.0 = Debug|Any CPU
		{CECC7D5F-4C05-4F70-905B-8E13C51C0135}.Release|Any CPU.ActiveCfg = Release|Any CPU
		{CECC7D5F-4C05-4F70-905B-8E13C51C0135}.Release|Any CPU.Build.0 = Release|Any CPU
		{101C6B74-B6D9-4664-BD44-0F296E0BB802}.Debug|Any CPU.ActiveCfg = Debug|Any CPU
		{101C6B74-B6D9-4664-BD44-0F296E0BB802}.Debug|Any CPU.Build.0 = Debug|Any CPU
		{101C6B74-B6D9-4664-BD44-0F296E0BB802}.Release|Any CPU.ActiveCfg = Release|Any CPU
		{101C6B74-B6D9-4664-BD44-0F296E0BB802}.Release|Any CPU.Build.0 = Release|Any CPU
		{1C49232B-55EE-422B-B599-CC73A1A81EAD}.Debug|Any CPU.ActiveCfg = Debug|Any CPU
		{1C49232B-55EE-422B-B599-CC73A1A81EAD}.Debug|Any CPU.Build.0 = Debug|Any CPU
		{1C49232B-55EE-422B-B599-CC73A1A81EAD}.Release|Any CPU.ActiveCfg = Release|Any CPU
		{1C49232B-55EE-422B-B599-CC73A1A81EAD}.Release|Any CPU.Build.0 = Release|Any CPU
	EndGlobalSection
	GlobalSection(SolutionProperties) = preSolution
		HideSolutionNode = FALSE
	EndGlobalSection
	GlobalSection(NestedProjects) = preSolution
		{3EC8C1A7-8BD7-4FC9-B203-B69405E5D8A9} = {12894349-B77C-4B63-B9F0-2392FD1AB158}
		{4E52E5E9-2286-45A5-9D34-565374E41114} = {12894349-B77C-4B63-B9F0-2392FD1AB158}
		{1163DB35-17C1-4FD1-B560-4C6211AE06A2} = {C84298A7-8ABB-4A73-8153-6FE6B79840E9}
		{CAA6BE39-3F80-4236-96AA-88BB78C42B83} = {C84298A7-8ABB-4A73-8153-6FE6B79840E9}
		{C84298A7-8ABB-4A73-8153-6FE6B79840E9} = {1A0B4925-6EE1-455A-9538-2104B7511EBE}
		{0522EAE6-7116-4626-8B53-684407D223F1} = {1A0B4925-6EE1-455A-9538-2104B7511EBE}
		{063E6020-5183-4BAB-A309-8699021F89E0} = {0522EAE6-7116-4626-8B53-684407D223F1}
		{CECC7D5F-4C05-4F70-905B-8E13C51C0135} = {0522EAE6-7116-4626-8B53-684407D223F1}
		{101C6B74-B6D9-4664-BD44-0F296E0BB802} = {12894349-B77C-4B63-B9F0-2392FD1AB158}
		{1C49232B-55EE-422B-B599-CC73A1A81EAD} = {0522EAE6-7116-4626-8B53-684407D223F1}
	EndGlobalSection
	GlobalSection(ExtensibilityGlobals) = postSolution
		SolutionGuid = {FCA31EB3-3E66-4207-AFC3-D1ECBC0B6734}
	EndGlobalSection
EndGlobal
